
Microsoft Visual Studio Solution File, Format Version 12.00
# Visual Studio Version 16
VisualStudioVersion = 16.0.29230.47
MinimumVisualStudioVersion = 10.0.40219.1
Project("{FAE04EC0-301F-11D3-BF4B-00C04F79EFBC}") = "BeaconApi", "BeaconApi\BeaconApi.csproj", "{C1689B0F-E194-411A-8511-3499ED78641E}"
EndProject
Project("{FAE04EC0-301F-11D3-BF4B-00C04F79EFBC}") = "BeaconApi.Data", "BeaconApi.Data\BeaconApi.Data.csproj", "{5CF76673-4342-4D60-9DF9-B626FFD39C01}"
EndProject
Project("{FAE04EC0-301F-11D3-BF4B-00C04F79EFBC}") = "BeaconApi.Core", "BeaconApi.Core\BeaconApi.Core.csproj", "{DF4ABE81-F58D-4022-91AF-24962CADBE8A}"
EndProject
Project("{FAE04EC0-301F-11D3-BF4B-00C04F79EFBC}") = "BeaconApi.Test", "BeaconApi.Test\BeaconApi.Test.csproj", "{CE8F5447-EED3-49EE-983D-92139E5C23B2}"
EndProject
Project("{FAE04EC0-301F-11D3-BF4B-00C04F79EFBC}") = "BeaconApi.Api", "BeaconApi.Api\BeaconApi.Api.csproj", "{9257B223-2CF0-46FD-A5B8-98743EA97585}"
EndProject
Global
	GlobalSection(SolutionConfigurationPlatforms) = preSolution
		Debug|Any CPU = Debug|Any CPU
		Release|Any CPU = Release|Any CPU
	EndGlobalSection
	GlobalSection(ProjectConfigurationPlatforms) = postSolution
		{C1689B0F-E194-411A-8511-3499ED78641E}.Debug|Any CPU.ActiveCfg = Debug|Any CPU
		{C1689B0F-E194-411A-8511-3499ED78641E}.Debug|Any CPU.Build.0 = Debug|Any CPU
		{C1689B0F-E194-411A-8511-3499ED78641E}.Release|Any CPU.ActiveCfg = Release|Any CPU
		{C1689B0F-E194-411A-8511-3499ED78641E}.Release|Any CPU.Build.0 = Release|Any CPU
		{5CF76673-4342-4D60-9DF9-B626FFD39C01}.Debug|Any CPU.ActiveCfg = Debug|Any CPU
		{5CF76673-4342-4D60-9DF9-B626FFD39C01}.Debug|Any CPU.Build.0 = Debug|Any CPU
		{5CF76673-4342-4D60-9DF9-B626FFD39C01}.Release|Any CPU.ActiveCfg = Release|Any CPU
		{5CF76673-4342-4D60-9DF9-B626FFD39C01}.Release|Any CPU.Build.0 = Release|Any CPU
		{DF4ABE81-F58D-4022-91AF-24962CADBE8A}.Debug|Any CPU.ActiveCfg = Debug|Any CPU
		{DF4ABE81-F58D-4022-91AF-24962CADBE8A}.Debug|Any CPU.Build.0 = Debug|Any CPU
		{DF4ABE81-F58D-4022-91AF-24962CADBE8A}.Release|Any CPU.ActiveCfg = Release|Any CPU
		{DF4ABE81-F58D-4022-91AF-24962CADBE8A}.Release|Any CPU.Build.0 = Release|Any CPU
		{CE8F5447-EED3-49EE-983D-92139E5C23B2}.Debug|Any CPU.ActiveCfg = Debug|Any CPU
		{CE8F5447-EED3-49EE-983D-92139E5C23B2}.Debug|Any CPU.Build.0 = Debug|Any CPU
		{CE8F5447-EED3-49EE-983D-92139E5C23B2}.Release|Any CPU.ActiveCfg = Release|Any CPU
		{CE8F5447-EED3-49EE-983D-92139E5C23B2}.Release|Any CPU.Build.0 = Release|Any CPU
		{9257B223-2CF0-46FD-A5B8-98743EA97585}.Debug|Any CPU.ActiveCfg = Debug|Any CPU
		{9257B223-2CF0-46FD-A5B8-98743EA97585}.Debug|Any CPU.Build.0 = Debug|Any CPU
		{9257B223-2CF0-46FD-A5B8-98743EA97585}.Release|Any CPU.ActiveCfg = Release|Any CPU
		{9257B223-2CF0-46FD-A5B8-98743EA97585}.Release|Any CPU.Build.0 = Release|Any CPU
	EndGlobalSection
	GlobalSection(SolutionProperties) = preSolution
		HideSolutionNode = FALSE
	EndGlobalSection
	GlobalSection(ExtensibilityGlobals) = postSolution
		SolutionGuid = {352D9875-8A8C-4FDB-9688-63CCABC850E9}
	EndGlobalSection
EndGlobal
